{
  "version": 1,
  "dependencies": {
    "net10.0-windows10.0.26100": {
      "Microsoft.Identity.Client": {
        "type": "Direct",
        "requested": "[4.83.3, )",
        "resolved": "4.83.3",
        "contentHash": "XNJJn5uctuGvl3u6qzAof2TNysAZ/PPVKzkAglxvTO5XHgff/Ibs1+yi2G26Xrf6X/f780kS4fMKKdHcGb96hQ==",
        "dependencies": {
          "Microsoft.IdentityModel.Abstractions": "8.14.0"
        }
      },
      "Microsoft.Identity.Client.Broker": {
        "type": "Direct",
        "requested": "[4.83.3, )",
        "resolved": "4.83.3",
        "contentHash": "1yn682hgnCimnYR27Ne/SRMWxCWUZtCKjYwPzWbjrfhqBF1GS7bDlPZkF4yvJxl90Y+xzDdZFh4u9pcGIFSEvw==",
        "dependencies": {
          "Microsoft.Identity.Client": "4.83.3",
          "Microsoft.Identity.Client.NativeInterop": "0.20.4"
        }
      },
      "Microsoft.Identity.Client.NativeInterop": {
        "type": "Transitive",
        "resolved": "0.20.4",
        "contentHash": "JHlfJ8oolxj20sNlwdIh8H8MZtzVQ55MyOjrIrQCtD/KJL5x8EOjQxafYu8AEYZOCSW+09DQnRogGk+J37BURA=="
      },
      "Microsoft.IdentityModel.Abstractions": {
        "type": "Transitive",
        "resolved": "8.14.0",
        "contentHash": "iwbCpSjD3ehfTwBhtSNEtKPK0ICun6ov7Ibx6ISNA9bfwIyzI2Siwyi9eJFCJBwxowK9xcA1mj+jBWiigeqgcQ=="
      }
    },
    "net10.0-windows10.0.26100/win-x64": {
      "Microsoft.Identity.Client.NativeInterop": {
        "type": "Transitive",
        "resolved": "0.20.4",
        "contentHash": "JHlfJ8oolxj20sNlwdIh8H8MZtzVQ55MyOjrIrQCtD/KJL5x8EOjQxafYu8AEYZOCSW+09DQnRogGk+J37BURA=="
      }
    }
  }
}